// !$*UTF8*$!
{
	archiveVersion = 1;
	classes = {
	};
	objectVersion = 56;
	objects = {

/* Begin PBXBuildFile section */
		E34D278DC925FA1C1D5B3F99 /* Pods_Post_Prototype.framework in Frameworks */ = {isa = PBXBuildFile; fileRef = 3E8BBEDEC463ABCF2D4061BA /* Pods_Post_Prototype.framework */; };
		F39D53B62A869A96003B25CF /* StretchyTableHeaderView.swift in Sources */ = {isa = PBXBuildFile; fileRef = F39D53B52A869A96003B25CF /* StretchyTableHeaderView.swift */; };
		F3D9064D2A867CDF00C1A599 /* ImageFilterCell.swift in Sources */ = {isa = PBXBuildFile; fileRef = F3D9064C2A867CDF00C1A599 /* ImageFilterCell.swift */; };
		F3F8C0682A812D33003F162A /* AppDelegate.swift in Sources */ = {isa = PBXBuildFile; fileRef = F3F8C0672A812D33003F162A /* AppDelegate.swift */; };
		F3F8C06A2A812D33003F162A /* SceneDelegate.swift in Sources */ = {isa = PBXBuildFile; fileRef = F3F8C0692A812D33003F162A /* SceneDelegate.swift */; };
		F3F8C06C2A812D33003F162A /* ViewController.swift in Sources */ = {isa = PBXBuildFile; fileRef = F3F8C06B2A812D33003F162A /* ViewController.swift */; };
		F3F8C06F2A812D33003F162A /* Main.storyboard in Resources */ = {isa = PBXBuildFile; fileRef = F3F8C06D2A812D33003F162A /* Main.storyboard */; };
		F3F8C0712A812D34003F162A /* Assets.xcassets in Resources */ = {isa = PBXBuildFile; fileRef = F3F8C0702A812D34003F162A /* Assets.xcassets */; };
		F3F8C0742A812D34003F162A /* LaunchScreen.storyboard in Resources */ = {isa = PBXBuildFile; fileRef = F3F8C0722A812D34003F162A /* LaunchScreen.storyboard */; };
		F3F8C07D2A8202B6003F162A /* GoogleService-Info.plist in Resources */ = {isa = PBXBuildFile; fileRef = F3F8C07C2A8202B6003F162A /* GoogleService-Info.plist */; };
		F3F8C07F2A8213BD003F162A /* FeedViewController.swift in Sources */ = {isa = PBXBuildFile; fileRef = F3F8C07E2A8213BD003F162A /* FeedViewController.swift */; };
		F3F8C0812A8213ED003F162A /* UploadViewController.swift in Sources */ = {isa = PBXBuildFile; fileRef = F3F8C0802A8213ED003F162A /* UploadViewController.swift */; };
		F3F8C0832A821419003F162A /* SettingViewController.swift in Sources */ = {isa = PBXBuildFile; fileRef = F3F8C0822A821419003F162A /* SettingViewController.swift */; };
		F3F8C0852A824358003F162A /* Extension.swift in Sources */ = {isa = PBXBuildFile; fileRef = F3F8C0842A824358003F162A /* Extension.swift */; };
		F3F8C0892A829CB3003F162A /* ImageViewController.swift in Sources */ = {isa = PBXBuildFile; fileRef = F3F8C0882A829CB3003F162A /* ImageViewController.swift */; };
		F3F8C08B2A84E342003F162A /* FeedCell.swift in Sources */ = {isa = PBXBuildFile; fileRef = F3F8C08A2A84E342003F162A /* FeedCell.swift */; };
		F3F8C08D2A859320003F162A /* DetailViewController.swift in Sources */ = {isa = PBXBuildFile; fileRef = F3F8C08C2A859320003F162A /* DetailViewController.swift */; };
		F3F8C08F2A85A7FE003F162A /* DetailCell.swift in Sources */ = {isa = PBXBuildFile; fileRef = F3F8C08E2A85A7FE003F162A /* DetailCell.swift */; };
/* End PBXBuildFile section */

/* Begin PBXFileReference section */
		3E8BBEDEC463ABCF2D4061BA /* Pods_Post_Prototype.framework */ = {isa = PBXFileReference; explicitFileType = wrapper.framework; includeInIndex = 0; path = Pods_Post_Prototype.framework; sourceTree = BUILT_PRODUCTS_DIR; };
		9EBF9FE02131FC6C8326F7E7 /* Pods-Post-Prototype.debug.xcconfig */ = {isa = PBXFileReference; includeInIndex = 1; lastKnownFileType = text.xcconfig; name = "Pods-Post-Prototype.debug.xcconfig"; path = "Target Support Files/Pods-Post-Prototype/Pods-Post-Prototype.debug.xcconfig"; sourceTree = "<group>"; };
		C195AD0E1DE893A653D80538 /* Pods-Post-Prototype.release.xcconfig */ = {isa = PBXFileReference; includeInIndex = 1; lastKnownFileType = text.xcconfig; name = "Pods-Post-Prototype.release.xcconfig"; path = "Target Support Files/Pods-Post-Prototype/Pods-Post-Prototype.release.xcconfig"; sourceTree = "<group>"; };
		F39D53B52A869A96003B25CF /* StretchyTableHeaderView.swift */ = {isa = PBXFileReference; lastKnownFileType = sourcecode.swift; path = StretchyTableHeaderView.swift; sourceTree = "<group>"; };
		F3D9064C2A867CDF00C1A599 /* ImageFilterCell.swift */ = {isa = PBXFileReference; lastKnownFileType = sourcecode.swift; path = ImageFilterCell.swift; sourceTree = "<group>"; };
		F3F8C0642A812D33003F162A /* Post-Prototype.app */ = {isa = PBXFileReference; explicitFileType = wrapper.application; includeInIndex = 0; path = "Post-Prototype.app"; sourceTree = BUILT_PRODUCTS_DIR; };
		F3F8C0672A812D33003F162A /* AppDelegate.swift */ = {isa = PBXFileReference; lastKnownFileType = sourcecode.swift; path = AppDelegate.swift; sourceTree = "<group>"; };
		F3F8C0692A812D33003F162A /* SceneDelegate.swift */ = {isa = PBXFileReference; lastKnownFileType = sourcecode.swift; path = SceneDelegate.swift; sourceTree = "<group>"; };
		F3F8C06B2A812D33003F162A /* ViewController.swift */ = {isa = PBXFileReference; lastKnownFileType = sourcecode.swift; path = ViewController.swift; sourceTree = "<group>"; };
		F3F8C06E2A812D33003F162A /* Base */ = {isa = PBXFileReference; lastKnownFileType = file.storyboard; name = Base; path = Base.lproj/Main.storyboard; sourceTree = "<group>"; };
		F3F8C0702A812D34003F162A /* Assets.xcassets */ = {isa = PBXFileReference; lastKnownFileType = folder.assetcatalog; path = Assets.xcassets; sourceTree = "<group>"; };
		F3F8C0732A812D34003F162A /* Base */ = {isa = PBXFileReference; lastKnownFileType = file.storyboard; name = Base; path = Base.lproj/LaunchScreen.storyboard; sourceTree = "<group>"; };
		F3F8C0752A812D34003F162A /* Info.plist */ = {isa = PBXFileReference; lastKnownFileType = text.plist.xml; path = Info.plist; sourceTree = "<group>"; };
		F3F8C07C2A8202B6003F162A /* GoogleService-Info.plist */ = {isa = PBXFileReference; fileEncoding = 4; lastKnownFileType = text.plist.xml; path = "GoogleService-Info.plist"; sourceTree = "<group>"; };
		F3F8C07E2A8213BD003F162A /* FeedViewController.swift */ = {isa = PBXFileReference; lastKnownFileType = sourcecode.swift; path = FeedViewController.swift; sourceTree = "<group>"; };
		F3F8C0802A8213ED003F162A /* UploadViewController.swift */ = {isa = PBXFileReference; lastKnownFileType = sourcecode.swift; path = UploadViewController.swift; sourceTree = "<group>"; };
		F3F8C0822A821419003F162A /* SettingViewController.swift */ = {isa = PBXFileReference; lastKnownFileType = sourcecode.swift; path = SettingViewController.swift; sourceTree = "<group>"; };
		F3F8C0842A824358003F162A /* Extension.swift */ = {isa = PBXFileReference; lastKnownFileType = sourcecode.swift; path = Extension.swift; sourceTree = "<group>"; };
		F3F8C0882A829CB3003F162A /* ImageViewController.swift */ = {isa = PBXFileReference; lastKnownFileType = sourcecode.swift; path = ImageViewController.swift; sourceTree = "<group>"; };
		F3F8C08A2A84E342003F162A /* FeedCell.swift */ = {isa = PBXFileReference; lastKnownFileType = sourcecode.swift; path = FeedCell.swift; sourceTree = "<group>"; };
		F3F8C08C2A859320003F162A /* DetailViewController.swift */ = {isa = PBXFileReference; lastKnownFileType = sourcecode.swift; path = DetailViewController.swift; sourceTree = "<group>"; };
		F3F8C08E2A85A7FE003F162A /* DetailCell.swift */ = {isa = PBXFileReference; lastKnownFileType = sourcecode.swift; path = DetailCell.swift; sourceTree = "<group>"; };
/* End PBXFileReference section */

/* Begin PBXFrameworksBuildPhase section */
		F3F8C0612A812D33003F162A /* Frameworks */ = {
			isa = PBXFrameworksBuildPhase;
			buildActionMask = 2147483647;
			files = (
				E34D278DC925FA1C1D5B3F99 /* Pods_Post_Prototype.framework in Frameworks */,
			);
			runOnlyForDeploymentPostprocessing = 0;
		};
/* End PBXFrameworksBuildPhase section */

/* Begin PBXGroup section */
		826DAAA6F9C7144C3CB8383F /* Pods */ = {
			isa = PBXGroup;
			children = (
				9EBF9FE02131FC6C8326F7E7 /* Pods-Post-Prototype.debug.xcconfig */,
				C195AD0E1DE893A653D80538 /* Pods-Post-Prototype.release.xcconfig */,
			);
			path = Pods;
			sourceTree = "<group>";
		};
		904660B2C8284E9AEF87AD63 /* Frameworks */ = {
			isa = PBXGroup;
			children = (
				3E8BBEDEC463ABCF2D4061BA /* Pods_Post_Prototype.framework */,
			);
			name = Frameworks;
			sourceTree = "<group>";
		};
		F3F8C05B2A812D33003F162A = {
			isa = PBXGroup;
			children = (
				F3F8C0662A812D33003F162A /* Post-Prototype */,
				F3F8C0652A812D33003F162A /* Products */,
				826DAAA6F9C7144C3CB8383F /* Pods */,
				904660B2C8284E9AEF87AD63 /* Frameworks */,
			);
			sourceTree = "<group>";
		};
		F3F8C0652A812D33003F162A /* Products */ = {
			isa = PBXGroup;
			children = (
				F3F8C0642A812D33003F162A /* Post-Prototype.app */,
			);
			name = Products;
			sourceTree = "<group>";
		};
		F3F8C0662A812D33003F162A /* Post-Prototype */ = {
			isa = PBXGroup;
			children = (
				F3F8C0672A812D33003F162A /* AppDelegate.swift */,
				F3F8C0692A812D33003F162A /* SceneDelegate.swift */,
				F3F8C06B2A812D33003F162A /* ViewController.swift */,
				F3F8C07E2A8213BD003F162A /* FeedViewController.swift */,
				F3F8C08C2A859320003F162A /* DetailViewController.swift */,
				F3F8C0802A8213ED003F162A /* UploadViewController.swift */,
				F3F8C0882A829CB3003F162A /* ImageViewController.swift */,
				F3F8C0822A821419003F162A /* SettingViewController.swift */,
				F39D53B52A869A96003B25CF /* StretchyTableHeaderView.swift */,
				F3F8C08A2A84E342003F162A /* FeedCell.swift */,
				F3F8C08E2A85A7FE003F162A /* DetailCell.swift */,
				F3D9064C2A867CDF00C1A599 /* ImageFilterCell.swift */,
				F3F8C0842A824358003F162A /* Extension.swift */,
				F3F8C06D2A812D33003F162A /* Main.storyboard */,
				F3F8C0702A812D34003F162A /* Assets.xcassets */,
				F3F8C0722A812D34003F162A /* LaunchScreen.storyboard */,
				F3F8C0752A812D34003F162A /* Info.plist */,
				F3F8C07C2A8202B6003F162A /* GoogleService-Info.plist */,
			);
			path = "Post-Prototype";
			sourceTree = "<group>";
		};
/* End PBXGroup section */

/* Begin PBXNativeTarget section */
		F3F8C0632A812D33003F162A /* Post-Prototype */ = {
			isa = PBXNativeTarget;
			buildConfigurationList = F3F8C0782A812D34003F162A /* Build configuration list for PBXNativeTarget "Post-Prototype" */;
			buildPhases = (
				D9B7CF81EB4B755ABF98197D /* [CP] Check Pods Manifest.lock */,
				F3F8C0602A812D33003F162A /* Sources */,
				F3F8C0612A812D33003F162A /* Frameworks */,
				F3F8C0622A812D33003F162A /* Resources */,
				E09F9975C91CEA42EFEDA24F /* [CP] Embed Pods Frameworks */,
			);
			buildRules = (
			);
			dependencies = (
			);
			name = "Post-Prototype";
			productName = "Post-Prototype";
			productReference = F3F8C0642A812D33003F162A /* Post-Prototype.app */;
			productType = "com.apple.product-type.application";
		};
/* End PBXNativeTarget section */

/* Begin PBXProject section */
		F3F8C05C2A812D33003F162A /* Project object */ = {
			isa = PBXProject;
			attributes = {
				BuildIndependentTargetsInParallel = 1;
				LastSwiftUpdateCheck = 1430;
				LastUpgradeCheck = 1430;
				TargetAttributes = {
					F3F8C0632A812D33003F162A = {
						CreatedOnToolsVersion = 14.3.1;
					};
				};
			};
			buildConfigurationList = F3F8C05F2A812D33003F162A /* Build configuration list for PBXProject "Post-Prototype" */;
			compatibilityVersion = "Xcode 14.0";
			developmentRegion = en;
			hasScannedForEncodings = 0;
			knownRegions = (
				en,
				Base,
			);
			mainGroup = F3F8C05B2A812D33003F162A;
			productRefGroup = F3F8C0652A812D33003F162A /* Products */;
			projectDirPath = "";
			projectRoot = "";
			targets = (
				F3F8C0632A812D33003F162A /* Post-Prototype */,
			);
		};
/* End PBXProject section */

/* Begin PBXResourcesBuildPhase section */
		F3F8C0622A812D33003F162A /* Resources */ = {
			isa = PBXResourcesBuildPhase;
			buildActionMask = 2147483647;
			files = (
				F3F8C0742A812D34003F162A /* LaunchScreen.storyboard in Resources */,
				F3F8C07D2A8202B6003F162A /* GoogleService-Info.plist in Resources */,
				F3F8C0712A812D34003F162A /* Assets.xcassets in Resources */,
				F3F8C06F2A812D33003F162A /* Main.storyboard in Resources */,
			);
			runOnlyForDeploymentPostprocessing = 0;
		};
/* End PBXResourcesBuildPhase section */

/* Begin PBXShellScriptBuildPhase section */
		D9B7CF81EB4B755ABF98197D /* [CP] Check Pods Manifest.lock */ = {
			isa = PBXShellScriptBuildPhase;
			buildActionMask = 2147483647;
			files = (
			);
			inputFileListPaths = (
			);
			inputPaths = (
				"${PODS_PODFILE_DIR_PATH}/Podfile.lock",
				"${PODS_ROOT}/Manifest.lock",
			);
			name = "[CP] Check Pods Manifest.lock";
			outputFileListPaths = (
			);
			outputPaths = (
				"$(DERIVED_FILE_DIR)/Pods-Post-Prototype-checkManifestLockResult.txt",
			);
			runOnlyForDeploymentPostprocessing = 0;
			shellPath = /bin/sh;
			shellScript = "diff \"${PODS_PODFILE_DIR_PATH}/Podfile.lock\" \"${PODS_ROOT}/Manifest.lock\" > /dev/null\nif [ $? != 0 ] ; then\n    # print error to STDERR\n    echo \"error: The sandbox is not in sync with the Podfile.lock. Run 'pod install' or update your CocoaPods installation.\" >&2\n    exit 1\nfi\n# This output is used by Xcode 'outputs' to avoid re-running this script phase.\necho \"SUCCESS\" > \"${SCRIPT_OUTPUT_FILE_0}\"\n";
			showEnvVarsInLog = 0;
		};
		E09F9975C91CEA42EFEDA24F /* [CP] Embed Pods Frameworks */ = {
			isa = PBXShellScriptBuildPhase;
			buildActionMask = 2147483647;
			files = (
			);
			inputFileListPaths = (
				"${PODS_ROOT}/Target Support Files/Pods-Post-Prototype/Pods-Post-Prototype-frameworks-${CONFIGURATION}-input-files.xcfilelist",
			);
			name = "[CP] Embed Pods Frameworks";
			outputFileListPaths = (
				"${PODS_ROOT}/Target Support Files/Pods-Post-Prototype/Pods-Post-Prototype-frameworks-${CONFIGURATION}-output-files.xcfilelist",
			);
			runOnlyForDeploymentPostprocessing = 0;
			shellPath = /bin/sh;
			shellScript = "\"${PODS_ROOT}/Target Support Files/Pods-Post-Prototype/Pods-Post-Prototype-frameworks.sh\"\n";
			showEnvVarsInLog = 0;
		};
/* End PBXShellScriptBuildPhase section */

/* Begin PBXSourcesBuildPhase section */
		F3F8C0602A812D33003F162A /* Sources */ = {
			isa = PBXSourcesBuildPhase;
			buildActionMask = 2147483647;
			files = (
				F3F8C06C2A812D33003F162A /* ViewController.swift in Sources */,
				F3F8C08F2A85A7FE003F162A /* DetailCell.swift in Sources */,
				F3F8C0812A8213ED003F162A /* UploadViewController.swift in Sources */,
				F3F8C0852A824358003F162A /* Extension.swift in Sources */,
				F39D53B62A869A96003B25CF /* StretchyTableHeaderView.swift in Sources */,
				F3F8C0682A812D33003F162A /* AppDelegate.swift in Sources */,
				F3D9064D2A867CDF00C1A599 /* ImageFilterCell.swift in Sources */,
				F3F8C07F2A8213BD003F162A /* FeedViewController.swift in Sources */,
				F3F8C06A2A812D33003F162A /* SceneDelegate.swift in Sources */,
				F3F8C0892A829CB3003F162A /* ImageViewController.swift in Sources */,
				F3F8C08D2A859320003F162A /* DetailViewController.swift in Sources */,
				F3F8C0832A821419003F162A /* SettingViewController.swift in Sources */,
				F3F8C08B2A84E342003F162A /* FeedCell.swift in Sources */,
			);
			runOnlyForDeploymentPostprocessing = 0;
		};
/* End PBXSourcesBuildPhase section */

/* Begin PBXVariantGroup section */
		F3F8C06D2A812D33003F162A /* Main.storyboard */ = {
			isa = PBXVariantGroup;
			children = (
				F3F8C06E2A812D33003F162A /* Base */,
			);
			name = Main.storyboard;
			sourceTree = "<group>";
		};
		F3F8C0722A812D34003F162A /* LaunchScreen.storyboard */ = {
			isa = PBXVariantGroup;
			children = (
				F3F8C0732A812D34003F162A /* Base */,
			);
			name = LaunchScreen.storyboard;
			sourceTree = "<group>";
		};
/* End PBXVariantGroup section */

/* Begin XCBuildConfiguration section */
		F3F8C0762A812D34003F162A /* Debug */ = {
			isa = XCBuildConfiguration;
			buildSettings = {
				ALWAYS_SEARCH_USER_PATHS = NO;
				CLANG_ANALYZER_NONNULL = YES;
				CLANG_ANALYZER_NUMBER_OBJECT_CONVERSION = YES_AGGRESSIVE;
				CLANG_CXX_LANGUAGE_STANDARD = "gnu++20";
				CLANG_ENABLE_MODULES = YES;
				CLANG_ENABLE_OBJC_ARC = YES;
				CLANG_ENABLE_OBJC_WEAK = YES;
				CLANG_WARN_BLOCK_CAPTURE_AUTORELEASING = YES;
				CLANG_WARN_BOOL_CONVERSION = YES;
				CLANG_WARN_COMMA = YES;
				CLANG_WARN_CONSTANT_CONVERSION = YES;
				CLANG_WARN_DEPRECATED_OBJC_IMPLEMENTATIONS = YES;
				CLANG_WARN_DIRECT_OBJC_ISA_USAGE = YES_ERROR;
				CLANG_WARN_DOCUMENTATION_COMMENTS = YES;
				CLANG_WARN_EMPTY_BODY = YES;
				CLANG_WARN_ENUM_CONVERSION = YES;
				CLANG_WARN_INFINITE_RECURSION = YES;
				CLANG_WARN_INT_CONVERSION = YES;
				CLANG_WARN_NON_LITERAL_NULL_CONVERSION = YES;
				CLANG_WARN_OBJC_IMPLICIT_RETAIN_SELF = YES;
				CLANG_WARN_OBJC_LITERAL_CONVERSION = YES;
				CLANG_WARN_OBJC_ROOT_CLASS = YES_ERROR;
				CLANG_WARN_QUOTED_INCLUDE_IN_FRAMEWORK_HEADER = YES;
				CLANG_WARN_RANGE_LOOP_ANALYSIS = YES;
				CLANG_WARN_STRICT_PROTOTYPES = YES;
				CLANG_WARN_SUSPICIOUS_MOVE = YES;
				CLANG_WARN_UNGUARDED_AVAILABILITY = YES_AGGRESSIVE;
				CLANG_WARN_UNREACHABLE_CODE = YES;
				CLANG_WARN__DUPLICATE_METHOD_MATCH = YES;
				COPY_PHASE_STRIP = NO;
				DEBUG_INFORMATION_FORMAT = dwarf;
				ENABLE_STRICT_OBJC_MSGSEND = YES;
				ENABLE_TESTABILITY = YES;
				GCC_C_LANGUAGE_STANDARD = gnu11;
				GCC_DYNAMIC_NO_PIC = NO;
				GCC_NO_COMMON_BLOCKS = YES;
				GCC_OPTIMIZATION_LEVEL = 0;
				GCC_PREPROCESSOR_DEFINITIONS = (
					"DEBUG=1",
					"$(inherited)",
				);
				GCC_WARN_64_TO_32_BIT_CONVERSION = YES;
				GCC_WARN_ABOUT_RETURN_TYPE = YES_ERROR;
				GCC_WARN_UNDECLARED_SELECTOR = YES;
				GCC_WARN_UNINITIALIZED_AUTOS = YES_AGGRESSIVE;
				GCC_WARN_UNUSED_FUNCTION = YES;
				GCC_WARN_UNUSED_VARIABLE = YES;
				IPHONEOS_DEPLOYMENT_TARGET = 16.4;
				MTL_ENABLE_DEBUG_INFO = INCLUDE_SOURCE;
				MTL_FAST_MATH = YES;
				ONLY_ACTIVE_ARCH = YES;
				SDKROOT = iphoneos;
				SWIFT_ACTIVE_COMPILATION_CONDITIONS = DEBUG;
				SWIFT_OPTIMIZATION_LEVEL = "-Onone";
			};
			name = Debug;
		};
		F3F8C0772A812D34003F162A /* Release */ = {
			isa = XCBuildConfiguration;
			buildSettings = {
				ALWAYS_SEARCH_USER_PATHS = NO;
				CLANG_ANALYZER_NONNULL = YES;
				CLANG_ANALYZER_NUMBER_OBJECT_CONVERSION = YES_AGGRESSIVE;
				CLANG_CXX_LANGUAGE_STANDARD = "gnu++20";
				CLANG_ENABLE_MODULES = YES;
				CLANG_ENABLE_OBJC_ARC = YES;
				CLANG_ENABLE_OBJC_WEAK = YES;
				CLANG_WARN_BLOCK_CAPTURE_AUTORELEASING = YES;
				CLANG_WARN_BOOL_CONVERSION = YES;
				CLANG_WARN_COMMA = YES;
				CLANG_WARN_CONSTANT_CONVERSION = YES;
				CLANG_WARN_DEPRECATED_OBJC_IMPLEMENTATIONS = YES;
				CLANG_WARN_DIRECT_OBJC_ISA_USAGE = YES_ERROR;
				CLANG_WARN_DOCUMENTATION_COMMENTS = YES;
				CLANG_WARN_EMPTY_BODY = YES;
				CLANG_WARN_ENUM_CONVERSION = YES;
				CLANG_WARN_INFINITE_RECURSION = YES;
				CLANG_WARN_INT_CONVERSION = YES;
				CLANG_WARN_NON_LITERAL_NULL_CONVERSION = YES;
				CLANG_WARN_OBJC_IMPLICIT_RETAIN_SELF = YES;
				CLANG_WARN_OBJC_LITERAL_CONVERSION = YES;
				CLANG_WARN_OBJC_ROOT_CLASS = YES_ERROR;
				CLANG_WARN_QUOTED_INCLUDE_IN_FRAMEWORK_HEADER = YES;
				CLANG_WARN_RANGE_LOOP_ANALYSIS = YES;
				CLANG_WARN_STRICT_PROTOTYPES = YES;
				CLANG_WARN_SUSPICIOUS_MOVE = YES;
				CLANG_WARN_UNGUARDED_AVAILABILITY = YES_AGGRESSIVE;
				CLANG_WARN_UNREACHABLE_CODE = YES;
				CLANG_WARN__DUPLICATE_METHOD_MATCH = YES;
				COPY_PHASE_STRIP = NO;
				DEBUG_INFORMATION_FORMAT = "dwarf-with-dsym";
				ENABLE_NS_ASSERTIONS = NO;
				ENABLE_STRICT_OBJC_MSGSEND = YES;
				GCC_C_LANGUAGE_STANDARD = gnu11;
				GCC_NO_COMMON_BLOCKS = YES;
				GCC_WARN_64_TO_32_BIT_CONVERSION = YES;
				GCC_WARN_ABOUT_RETURN_TYPE = YES_ERROR;
				GCC_WARN_UNDECLARED_SELECTOR = YES;
				GCC_WARN_UNINITIALIZED_AUTOS = YES_AGGRESSIVE;
				GCC_WARN_UNUSED_FUNCTION = YES;
				GCC_WARN_UNUSED_VARIABLE = YES;
				IPHONEOS_DEPLOYMENT_TARGET = 16.4;
				MTL_ENABLE_DEBUG_INFO = NO;
				MTL_FAST_MATH = YES;
				SDKROOT = iphoneos;
				SWIFT_COMPILATION_MODE = wholemodule;
				SWIFT_OPTIMIZATION_LEVEL = "-O";
				VALIDATE_PRODUCT = YES;
			};
			name = Release;
		};
		F3F8C0792A812D34003F162A /* Debug */ = {
			isa = XCBuildConfiguration;
			baseConfigurationReference = 9EBF9FE02131FC6C8326F7E7 /* Pods-Post-Prototype.debug.xcconfig */;
			buildSettings = {
				ASSETCATALOG_COMPILER_APPICON_NAME = AppIcon;
				ASSETCATALOG_COMPILER_GLOBAL_ACCENT_COLOR_NAME = AccentColor;
				CODE_SIGN_STYLE = Automatic;
				CURRENT_PROJECT_VERSION = 1;
				DEVELOPMENT_TEAM = WT2DZRQ5QP;
				GENERATE_INFOPLIST_FILE = YES;
				INFOPLIST_FILE = "Post-Prototype/Info.plist";
				INFOPLIST_KEY_UIApplicationSupportsIndirectInputEvents = YES;
				INFOPLIST_KEY_UILaunchStoryboardName = LaunchScreen;
				INFOPLIST_KEY_UIMainStoryboardFile = Main;
				INFOPLIST_KEY_UISupportedInterfaceOrientations = UIInterfaceOrientationPortrait;
				INFOPLIST_KEY_UISupportedInterfaceOrientations_iPad = "UIInterfaceOrientationPortrait UIInterfaceOrientationPortraitUpsideDown";
				LD_RUNPATH_SEARCH_PATHS = (
					"$(inherited)",
					"@executable_path/Frameworks",
				);
				MARKETING_VERSION = 1.0;
				PRODUCT_BUNDLE_IDENTIFIER = "com.gali.Post-Prototype";
				PRODUCT_NAME = "$(TARGET_NAME)";
				SWIFT_EMIT_LOC_STRINGS = YES;
				SWIFT_VERSION = 5.0;
				TARGETED_DEVICE_FAMILY = "1,2";
			};
			name = Debug;
		};
		F3F8C07A2A812D34003F162A /* Release */ = {
			isa = XCBuildConfiguration;
			baseConfigurationReference = C195AD0E1DE893A653D80538 /* Pods-Post-Prototype.release.xcconfig */;
			buildSettings = {
				ASSETCATALOG_COMPILER_APPICON_NAME = AppIcon;
				ASSETCATALOG_COMPILER_GLOBAL_ACCENT_COLOR_NAME = AccentColor;
				CODE_SIGN_STYLE = Automatic;
				CURRENT_PROJECT_VERSION = 1;
				DEVELOPMENT_TEAM = WT2DZRQ5QP;
				GENERATE_INFOPLIST_FILE = YES;
				INFOPLIST_FILE = "Post-Prototype/Info.plist";
				INFOPLIST_KEY_UIApplicationSupportsIndirectInputEvents = YES;
				INFOPLIST_KEY_UILaunchStoryboardName = LaunchScreen;
				INFOPLIST_KEY_UIMainStoryboardFile = Main;
				INFOPLIST_KEY_UISupportedInterfaceOrientations = UIInterfaceOrientationPortrait;
				INFOPLIST_KEY_UISupportedInterfaceOrientations_iPad = "UIInterfaceOrientationPortrait UIInterfaceOrientationPortraitUpsideDown";
				LD_RUNPATH_SEARCH_PATHS = (
					"$(inherited)",
					"@executable_path/Frameworks",
				);
				MARKETING_VERSION = 1.0;
				PRODUCT_BUNDLE_IDENTIFIER = "com.gali.Post-Prototype";
				PRODUCT_NAME = "$(TARGET_NAME)";
				SWIFT_EMIT_LOC_STRINGS = YES;
				SWIFT_VERSION = 5.0;
				TARGETED_DEVICE_FAMILY = "1,2";
			};
			name = Release;
		};
/* End XCBuildConfiguration section */

/* Begin XCConfigurationList section */
		F3F8C05F2A812D33003F162A /* Build configuration list for PBXProject "Post-Prototype" */ = {
			isa = XCConfigurationList;
			buildConfigurations = (
				F3F8C0762A812D34003F162A /* Debug */,
				F3F8C0772A812D34003F162A /* Release */,
			);
			defaultConfigurationIsVisible = 0;
			defaultConfigurationName = Release;
		};
		F3F8C0782A812D34003F162A /* Build configuration list for PBXNativeTarget "Post-Prototype" */ = {
			isa = XCConfigurationList;
			buildConfigurations = (
				F3F8C0792A812D34003F162A /* Debug */,
				F3F8C07A2A812D34003F162A /* Release */,
			);
			defaultConfigurationIsVisible = 0;
			defaultConfigurationName = Release;
		};
/* End XCConfigurationList section */
	};
	rootObject = F3F8C05C2A812D33003F162A /* Project object */;
}
